
Microsoft Visual Studio Solution File, Format Version 12.00
# Visual Studio Version 17
VisualStudioVersion = 17.11.35327.3
MinimumVisualStudioVersion = 10.0.40219.1
Project("{FAE04EC0-301F-11D3-BF4B-00C04F79EFBC}") = "KTANE-Diffusal-Assistant", "KTANE-Diffusal-Assistant.csproj", "{CAF87501-BB99-4C3B-B0F3-4B628A2C91D8}"
EndProject
Global
	GlobalSection(SolutionConfigurationPlatforms) = preSolution
		Debug|Any CPU = Debug|Any CPU
		Release|Any CPU = Release|Any CPU
	EndGlobalSection
	GlobalSection(ProjectConfigurationPlatforms) = postSolution
		{CAF87501-BB99-4C3B-B0F3-4B628A2C91D8}.Debug|Any CPU.ActiveCfg = Debug|Any CPU
		{CAF87501-BB99-4C3B-B0F3-4B628A2C91D8}.Debug|Any CPU.Build.0 = Debug|Any CPU
		{CAF87501-BB99-4C3B-B0F3-4B628A2C91D8}.Release|Any CPU.ActiveCfg = Release|Any CPU
		{CAF87501-BB99-4C3B-B0F3-4B628A2C91D8}.Release|Any CPU.Build.0 = Release|Any CPU
	EndGlobalSection
	GlobalSection(SolutionProperties) = preSolution
		HideSolutionNode = FALSE
	EndGlobalSection
	GlobalSection(ExtensibilityGlobals) = postSolution
		SolutionGuid = {0EA2E59D-E436-49A1-8CCB-B6985B5A61E4}
	EndGlobalSection
EndGlobal
